// !$*UTF8*$!
{
	archiveVersion = 1;
	classes = {
	};
	objectVersion = 50;
	objects = {

/* Begin PBXBuildFile section */
		7A650F9D25F62E5500C37654 /* AppSettings.h in Headers */ = {isa = PBXBuildFile; fileRef = 7A650F9B25F62E5500C37654 /* AppSettings.h */; settings = {ATTRIBUTES = (Public, ); }; };
		7A650FA625F62E9200C37654 /* AppSettingsViewController.swift in Sources */ = {isa = PBXBuildFile; fileRef = 7A650FA425F62E9200C37654 /* AppSettingsViewController.swift */; };
		7A650FB125F62F1A00C37654 /* AppDelegate.swift in Sources */ = {isa = PBXBuildFile; fileRef = 7A650FB025F62F1A00C37654 /* AppDelegate.swift */; };
		7A650FB525F62F1A00C37654 /* ViewController.swift in Sources */ = {isa = PBXBuildFile; fileRef = 7A650FB425F62F1A00C37654 /* ViewController.swift */; };
		7A650FB825F62F1A00C37654 /* Main.storyboard in Resources */ = {isa = PBXBuildFile; fileRef = 7A650FB625F62F1A00C37654 /* Main.storyboard */; };
		7A650FBA25F62F1C00C37654 /* Assets.xcassets in Resources */ = {isa = PBXBuildFile; fileRef = 7A650FB925F62F1C00C37654 /* Assets.xcassets */; };
		7A650FBD25F62F1C00C37654 /* LaunchScreen.storyboard in Resources */ = {isa = PBXBuildFile; fileRef = 7A650FBB25F62F1C00C37654 /* LaunchScreen.storyboard */; };
		7A650FC925F631A300C37654 /* AppSettings.framework in Frameworks */ = {isa = PBXBuildFile; fileRef = 7A650F9825F62E5500C37654 /* AppSettings.framework */; };
		7A650FCD25F631CD00C37654 /* AppSettings.framework in Copy Frameworks */ = {isa = PBXBuildFile; fileRef = 7A650F9825F62E5500C37654 /* AppSettings.framework */; settings = {ATTRIBUTES = (CodeSignOnCopy, RemoveHeadersOnCopy, ); }; };
		7A650FD225F6338F00C37654 /* AppSettings.storyboard in Resources */ = {isa = PBXBuildFile; fileRef = 7A650FD125F6338F00C37654 /* AppSettings.storyboard */; };
		7A650FD525F6351E00C37654 /* Settings.bundle in Resources */ = {isa = PBXBuildFile; fileRef = 7A650FD425F6351E00C37654 /* Settings.bundle */; };
		7A650FDA25F641BC00C37654 /* Settings.swift in Sources */ = {isa = PBXBuildFile; fileRef = 7A650FD925F641BC00C37654 /* Settings.swift */; };
		7A650FDE25F6734500C37654 /* SwitchTableViewCell.swift in Sources */ = {isa = PBXBuildFile; fileRef = 7A650FDD25F6734500C37654 /* SwitchTableViewCell.swift */; };
		7A8E4B912604A04100AD992E /* SliderTableViewCell.swift in Sources */ = {isa = PBXBuildFile; fileRef = 7A8E4B902604A04100AD992E /* SliderTableViewCell.swift */; };
		7A91C2092603A46500DBD90D /* TextFieldTableViewCell.swift in Sources */ = {isa = PBXBuildFile; fileRef = 7A91C2082603A46500DBD90D /* TextFieldTableViewCell.swift */; };
		7A962EBE260359FC00B4352A /* OptionsTableViewController.swift in Sources */ = {isa = PBXBuildFile; fileRef = 7A962EBD260359FC00B4352A /* OptionsTableViewController.swift */; };
/* End PBXBuildFile section */

/* Begin PBXContainerItemProxy section */
		7A650FC425F62F2C00C37654 /* PBXContainerItemProxy */ = {
			isa = PBXContainerItemProxy;
			containerPortal = 7A650F8F25F62E5500C37654 /* Project object */;
			proxyType = 1;
			remoteGlobalIDString = 7A650F9725F62E5500C37654;
			remoteInfo = AppSettings;
		};
/* End PBXContainerItemProxy section */

/* Begin PBXCopyFilesBuildPhase section */
		7A650FCC25F631BF00C37654 /* Copy Frameworks */ = {
			isa = PBXCopyFilesBuildPhase;
			buildActionMask = 2147483647;
			dstPath = "";
			dstSubfolderSpec = 10;
			files = (
				7A650FCD25F631CD00C37654 /* AppSettings.framework in Copy Frameworks */,
			);
			name = "Copy Frameworks";
			runOnlyForDeploymentPostprocessing = 0;
		};
/* End PBXCopyFilesBuildPhase section */

/* Begin PBXFileReference section */
		7A12B2412604FDFD00DAEEC6 /* BuildXCFramework.sh */ = {isa = PBXFileReference; lastKnownFileType = text.script.sh; path = BuildXCFramework.sh; sourceTree = "<group>"; };
		7A650F9825F62E5500C37654 /* AppSettings.framework */ = {isa = PBXFileReference; explicitFileType = wrapper.framework; includeInIndex = 0; path = AppSettings.framework; sourceTree = BUILT_PRODUCTS_DIR; };
		7A650F9B25F62E5500C37654 /* AppSettings.h */ = {isa = PBXFileReference; lastKnownFileType = sourcecode.c.h; path = AppSettings.h; sourceTree = "<group>"; };
		7A650F9C25F62E5500C37654 /* Info.plist */ = {isa = PBXFileReference; lastKnownFileType = text.plist.xml; path = Info.plist; sourceTree = "<group>"; };
		7A650FA425F62E9200C37654 /* AppSettingsViewController.swift */ = {isa = PBXFileReference; lastKnownFileType = sourcecode.swift; path = AppSettingsViewController.swift; sourceTree = "<group>"; };
		7A650FAE25F62F1A00C37654 /* ClientApp.app */ = {isa = PBXFileReference; explicitFileType = wrapper.application; includeInIndex = 0; path = ClientApp.app; sourceTree = BUILT_PRODUCTS_DIR; };
		7A650FB025F62F1A00C37654 /* AppDelegate.swift */ = {isa = PBXFileReference; lastKnownFileType = sourcecode.swift; path = AppDelegate.swift; sourceTree = "<group>"; };
		7A650FB425F62F1A00C37654 /* ViewController.swift */ = {isa = PBXFileReference; lastKnownFileType = sourcecode.swift; path = ViewController.swift; sourceTree = "<group>"; };
		7A650FB725F62F1A00C37654 /* Base */ = {isa = PBXFileReference; lastKnownFileType = file.storyboard; name = Base; path = Base.lproj/Main.storyboard; sourceTree = "<group>"; };
		7A650FB925F62F1C00C37654 /* Assets.xcassets */ = {isa = PBXFileReference; lastKnownFileType = folder.assetcatalog; path = Assets.xcassets; sourceTree = "<group>"; };
		7A650FBC25F62F1C00C37654 /* Base */ = {isa = PBXFileReference; lastKnownFileType = file.storyboard; name = Base; path = Base.lproj/LaunchScreen.storyboard; sourceTree = "<group>"; };
		7A650FBE25F62F1C00C37654 /* Info.plist */ = {isa = PBXFileReference; lastKnownFileType = text.plist.xml; path = Info.plist; sourceTree = "<group>"; };
		7A650FD125F6338F00C37654 /* AppSettings.storyboard */ = {isa = PBXFileReference; lastKnownFileType = file.storyboard; path = AppSettings.storyboard; sourceTree = "<group>"; };
		7A650FD425F6351E00C37654 /* Settings.bundle */ = {isa = PBXFileReference; lastKnownFileType = "wrapper.plug-in"; path = Settings.bundle; sourceTree = "<group>"; };
		7A650FD925F641BC00C37654 /* Settings.swift */ = {isa = PBXFileReference; lastKnownFileType = sourcecode.swift; path = Settings.swift; sourceTree = "<group>"; };
		7A650FDD25F6734500C37654 /* SwitchTableViewCell.swift */ = {isa = PBXFileReference; lastKnownFileType = sourcecode.swift; path = SwitchTableViewCell.swift; sourceTree = "<group>"; };
		7A8E4B902604A04100AD992E /* SliderTableViewCell.swift */ = {isa = PBXFileReference; lastKnownFileType = sourcecode.swift; path = SliderTableViewCell.swift; sourceTree = "<group>"; };
		7A91C2082603A46500DBD90D /* TextFieldTableViewCell.swift */ = {isa = PBXFileReference; lastKnownFileType = sourcecode.swift; path = TextFieldTableViewCell.swift; sourceTree = "<group>"; };
		7A962EBD260359FC00B4352A /* OptionsTableViewController.swift */ = {isa = PBXFileReference; lastKnownFileType = sourcecode.swift; path = OptionsTableViewController.swift; sourceTree = "<group>"; };
/* End PBXFileReference section */

/* Begin PBXFrameworksBuildPhase section */
		7A650F9525F62E5500C37654 /* Frameworks */ = {
			isa = PBXFrameworksBuildPhase;
			buildActionMask = 2147483647;
			files = (
			);
			runOnlyForDeploymentPostprocessing = 0;
		};
		7A650FAB25F62F1A00C37654 /* Frameworks */ = {
			isa = PBXFrameworksBuildPhase;
			buildActionMask = 2147483647;
			files = (
				7A650FC925F631A300C37654 /* AppSettings.framework in Frameworks */,
			);
			runOnlyForDeploymentPostprocessing = 0;
		};
/* End PBXFrameworksBuildPhase section */

/* Begin PBXGroup section */
		7A12B2402604FDDD00DAEEC6 /* Script */ = {
			isa = PBXGroup;
			children = (
				7A12B2412604FDFD00DAEEC6 /* BuildXCFramework.sh */,
			);
			path = Script;
			sourceTree = "<group>";
		};
		7A650F8E25F62E5500C37654 = {
			isa = PBXGroup;
			children = (
				7A12B2402604FDDD00DAEEC6 /* Script */,
				7A650F9A25F62E5500C37654 /* AppSettings */,
				7A650FAF25F62F1A00C37654 /* ClientApp */,
				7A650F9925F62E5500C37654 /* Products */,
				7A650FC825F631A300C37654 /* Frameworks */,
			);
			sourceTree = "<group>";
		};
		7A650F9925F62E5500C37654 /* Products */ = {
			isa = PBXGroup;
			children = (
				7A650F9825F62E5500C37654 /* AppSettings.framework */,
				7A650FAE25F62F1A00C37654 /* ClientApp.app */,
			);
			name = Products;
			sourceTree = "<group>";
		};
		7A650F9A25F62E5500C37654 /* AppSettings */ = {
			isa = PBXGroup;
			children = (
				7A650F9B25F62E5500C37654 /* AppSettings.h */,
				7A650F9C25F62E5500C37654 /* Info.plist */,
				7A650FA425F62E9200C37654 /* AppSettingsViewController.swift */,
				7A650FD125F6338F00C37654 /* AppSettings.storyboard */,
				7A650FD925F641BC00C37654 /* Settings.swift */,
				7A650FDD25F6734500C37654 /* SwitchTableViewCell.swift */,
				7A962EBD260359FC00B4352A /* OptionsTableViewController.swift */,
				7A91C2082603A46500DBD90D /* TextFieldTableViewCell.swift */,
				7A8E4B902604A04100AD992E /* SliderTableViewCell.swift */,
			);
			path = AppSettings;
			sourceTree = "<group>";
		};
		7A650FAF25F62F1A00C37654 /* ClientApp */ = {
			isa = PBXGroup;
			children = (
				7A650FB025F62F1A00C37654 /* AppDelegate.swift */,
				7A650FB425F62F1A00C37654 /* ViewController.swift */,
				7A650FB625F62F1A00C37654 /* Main.storyboard */,
				7A650FB925F62F1C00C37654 /* Assets.xcassets */,
				7A650FBB25F62F1C00C37654 /* LaunchScreen.storyboard */,
				7A650FBE25F62F1C00C37654 /* Info.plist */,
				7A650FD425F6351E00C37654 /* Settings.bundle */,
			);
			path = ClientApp;
			sourceTree = "<group>";
		};
		7A650FC825F631A300C37654 /* Frameworks */ = {
			isa = PBXGroup;
			children = (
			);
			name = Frameworks;
			sourceTree = "<group>";
		};
/* End PBXGroup section */

/* Begin PBXHeadersBuildPhase section */
		7A650F9325F62E5500C37654 /* Headers */ = {
			isa = PBXHeadersBuildPhase;
			buildActionMask = 2147483647;
			files = (
				7A650F9D25F62E5500C37654 /* AppSettings.h in Headers */,
			);
			runOnlyForDeploymentPostprocessing = 0;
		};
/* End PBXHeadersBuildPhase section */

/* Begin PBXLegacyTarget section */
		7A12B23B2604FDB300DAEEC6 /* XCFramework */ = {
			isa = PBXLegacyTarget;
			buildArgumentsString = "$(ACTION)";
			buildConfigurationList = 7A12B23C2604FDB300DAEEC6 /* Build configuration list for PBXLegacyTarget "XCFramework" */;
			buildPhases = (
			);
			buildToolPath = "$(SRCROOT)/Script/BuildXCFramework.sh";
			buildWorkingDirectory = "";
			dependencies = (
			);
			name = XCFramework;
			passBuildSettingsInEnvironment = 1;
			productName = XCFramework;
		};
/* End PBXLegacyTarget section */

/* Begin PBXNativeTarget section */
		7A650F9725F62E5500C37654 /* AppSettings */ = {
			isa = PBXNativeTarget;
			buildConfigurationList = 7A650FA025F62E5500C37654 /* Build configuration list for PBXNativeTarget "AppSettings" */;
			buildPhases = (
				7A650F9325F62E5500C37654 /* Headers */,
				7A650F9425F62E5500C37654 /* Sources */,
				7A650F9525F62E5500C37654 /* Frameworks */,
				7A650F9625F62E5500C37654 /* Resources */,
			);
			buildRules = (
			);
			dependencies = (
			);
			name = AppSettings;
			productName = AppSettings;
			productReference = 7A650F9825F62E5500C37654 /* AppSettings.framework */;
			productType = "com.apple.product-type.framework";
		};
		7A650FAD25F62F1A00C37654 /* ClientApp */ = {
			isa = PBXNativeTarget;
			buildConfigurationList = 7A650FBF25F62F1C00C37654 /* Build configuration list for PBXNativeTarget "ClientApp" */;
			buildPhases = (
				7A650FAA25F62F1A00C37654 /* Sources */,
				7A650FAB25F62F1A00C37654 /* Frameworks */,
				7A650FAC25F62F1A00C37654 /* Resources */,
				7A650FCC25F631BF00C37654 /* Copy Frameworks */,
			);
			buildRules = (
			);
			dependencies = (
				7A650FC525F62F2C00C37654 /* PBXTargetDependency */,
			);
			name = ClientApp;
			productName = ClientApp;
			productReference = 7A650FAE25F62F1A00C37654 /* ClientApp.app */;
			productType = "com.apple.product-type.application";
		};
/* End PBXNativeTarget section */

/* Begin PBXProject section */
		7A650F8F25F62E5500C37654 /* Project object */ = {
			isa = PBXProject;
			attributes = {
				LastSwiftUpdateCheck = 1240;
				LastUpgradeCheck = 1240;
				TargetAttributes = {
					7A12B23B2604FDB300DAEEC6 = {
						CreatedOnToolsVersion = 12.4;
					};
					7A650F9725F62E5500C37654 = {
						CreatedOnToolsVersion = 12.4;
						LastSwiftMigration = 1240;
					};
					7A650FAD25F62F1A00C37654 = {
						CreatedOnToolsVersion = 12.4;
					};
				};
			};
			buildConfigurationList = 7A650F9225F62E5500C37654 /* Build configuration list for PBXProject "AppSettings" */;
			compatibilityVersion = "Xcode 9.3";
			developmentRegion = en;
			hasScannedForEncodings = 0;
			knownRegions = (
				en,
				Base,
			);
			mainGroup = 7A650F8E25F62E5500C37654;
			productRefGroup = 7A650F9925F62E5500C37654 /* Products */;
			projectDirPath = "";
			projectRoot = "";
			targets = (
				7A650F9725F62E5500C37654 /* AppSettings */,
				7A650FAD25F62F1A00C37654 /* ClientApp */,
				7A12B23B2604FDB300DAEEC6 /* XCFramework */,
			);
		};
/* End PBXProject section */

/* Begin PBXResourcesBuildPhase section */
		7A650F9625F62E5500C37654 /* Resources */ = {
			isa = PBXResourcesBuildPhase;
			buildActionMask = 2147483647;
			files = (
				7A650FD225F6338F00C37654 /* AppSettings.storyboard in Resources */,
			);
			runOnlyForDeploymentPostprocessing = 0;
		};
		7A650FAC25F62F1A00C37654 /* Resources */ = {
			isa = PBXResourcesBuildPhase;
			buildActionMask = 2147483647;
			files = (
				7A650FD525F6351E00C37654 /* Settings.bundle in Resources */,
				7A650FBD25F62F1C00C37654 /* LaunchScreen.storyboard in Resources */,
				7A650FBA25F62F1C00C37654 /* Assets.xcassets in Resources */,
				7A650FB825F62F1A00C37654 /* Main.storyboard in Resources */,
			);
			runOnlyForDeploymentPostprocessing = 0;
		};
/* End PBXResourcesBuildPhase section */

/* Begin PBXSourcesBuildPhase section */
		7A650F9425F62E5500C37654 /* Sources */ = {
			isa = PBXSourcesBuildPhase;
			buildActionMask = 2147483647;
			files = (
				7A962EBE260359FC00B4352A /* OptionsTableViewController.swift in Sources */,
				7A650FA625F62E9200C37654 /* AppSettingsViewController.swift in Sources */,
				7A650FDA25F641BC00C37654 /* Settings.swift in Sources */,
				7A650FDE25F6734500C37654 /* SwitchTableViewCell.swift in Sources */,
				7A8E4B912604A04100AD992E /* SliderTableViewCell.swift in Sources */,
				7A91C2092603A46500DBD90D /* TextFieldTableViewCell.swift in Sources */,
			);
			runOnlyForDeploymentPostprocessing = 0;
		};
		7A650FAA25F62F1A00C37654 /* Sources */ = {
			isa = PBXSourcesBuildPhase;
			buildActionMask = 2147483647;
			files = (
				7A650FB525F62F1A00C37654 /* ViewController.swift in Sources */,
				7A650FB125F62F1A00C37654 /* AppDelegate.swift in Sources */,
			);
			runOnlyForDeploymentPostprocessing = 0;
		};
/* End PBXSourcesBuildPhase section */

/* Begin PBXTargetDependency section */
		7A650FC525F62F2C00C37654 /* PBXTargetDependency */ = {
			isa = PBXTargetDependency;
			target = 7A650F9725F62E5500C37654 /* AppSettings */;
			targetProxy = 7A650FC425F62F2C00C37654 /* PBXContainerItemProxy */;
		};
/* End PBXTargetDependency section */

/* Begin PBXVariantGroup section */
		7A650FB625F62F1A00C37654 /* Main.storyboard */ = {
			isa = PBXVariantGroup;
			children = (
				7A650FB725F62F1A00C37654 /* Base */,
			);
			name = Main.storyboard;
			sourceTree = "<group>";
		};
		7A650FBB25F62F1C00C37654 /* LaunchScreen.storyboard */ = {
			isa = PBXVariantGroup;
			children = (
				7A650FBC25F62F1C00C37654 /* Base */,
			);
			name = LaunchScreen.storyboard;
			sourceTree = "<group>";
		};
/* End PBXVariantGroup section */

/* Begin XCBuildConfiguration section */
		7A12B23D2604FDB300DAEEC6 /* Debug */ = {
			isa = XCBuildConfiguration;
			buildSettings = {
				CODE_SIGN_STYLE = Automatic;
				DEBUGGING_SYMBOLS = YES;
				DEBUG_INFORMATION_FORMAT = dwarf;
				DEVELOPMENT_TEAM = 6T6ZD52R57;
				GCC_GENERATE_DEBUGGING_SYMBOLS = YES;
				GCC_OPTIMIZATION_LEVEL = 0;
				IPHONEOS_DEPLOYMENT_TARGET = 11;
				OTHER_CFLAGS = "";
				OTHER_LDFLAGS = "";
				PRODUCT_NAME = "$(TARGET_NAME)";
			};
			name = Debug;
		};
		7A12B23E2604FDB300DAEEC6 /* Release */ = {
			isa = XCBuildConfiguration;
			buildSettings = {
				CODE_SIGN_STYLE = Automatic;
				DEBUG_INFORMATION_FORMAT = "dwarf-with-dsym";
				DEVELOPMENT_TEAM = 6T6ZD52R57;
				IPHONEOS_DEPLOYMENT_TARGET = 11;
				OTHER_CFLAGS = "";
				OTHER_LDFLAGS = "";
				PRODUCT_NAME = "$(TARGET_NAME)";
			};
			name = Release;
		};
		7A650F9E25F62E5500C37654 /* Debug */ = {
			isa = XCBuildConfiguration;
			buildSettings = {
				ALWAYS_SEARCH_USER_PATHS = NO;
				CLANG_ANALYZER_NONNULL = YES;
				CLANG_ANALYZER_NUMBER_OBJECT_CONVERSION = YES_AGGRESSIVE;
				CLANG_CXX_LANGUAGE_STANDARD = "gnu++14";
				CLANG_CXX_LIBRARY = "libc++";
				CLANG_ENABLE_MODULES = YES;
				CLANG_ENABLE_OBJC_ARC = YES;
				CLANG_ENABLE_OBJC_WEAK = YES;
				CLANG_WARN_BLOCK_CAPTURE_AUTORELEASING = YES;
				CLANG_WARN_BOOL_CONVERSION = YES;
				CLANG_WARN_COMMA = YES;
				CLANG_WARN_CONSTANT_CONVERSION = YES;
				CLANG_WARN_DEPRECATED_OBJC_IMPLEMENTATIONS = YES;
				CLANG_WARN_DIRECT_OBJC_ISA_USAGE = YES_ERROR;
				CLANG_WARN_DOCUMENTATION_COMMENTS = YES;
				CLANG_WARN_EMPTY_BODY = YES;
				CLANG_WARN_ENUM_CONVERSION = YES;
				CLANG_WARN_INFINITE_RECURSION = YES;
				CLANG_WARN_INT_CONVERSION = YES;
				CLANG_WARN_NON_LITERAL_NULL_CONVERSION = YES;
				CLANG_WARN_OBJC_IMPLICIT_RETAIN_SELF = YES;
				CLANG_WARN_OBJC_LITERAL_CONVERSION = YES;
				CLANG_WARN_OBJC_ROOT_CLASS = YES_ERROR;
				CLANG_WARN_QUOTED_INCLUDE_IN_FRAMEWORK_HEADER = YES;
				CLANG_WARN_RANGE_LOOP_ANALYSIS = YES;
				CLANG_WARN_STRICT_PROTOTYPES = YES;
				CLANG_WARN_SUSPICIOUS_MOVE = YES;
				CLANG_WARN_UNGUARDED_AVAILABILITY = YES_AGGRESSIVE;
				CLANG_WARN_UNREACHABLE_CODE = YES;
				CLANG_WARN__DUPLICATE_METHOD_MATCH = YES;
				COPY_PHASE_STRIP = NO;
				CURRENT_PROJECT_VERSION = 1;
				DEBUG_INFORMATION_FORMAT = dwarf;
				ENABLE_STRICT_OBJC_MSGSEND = YES;
				ENABLE_TESTABILITY = YES;
				GCC_C_LANGUAGE_STANDARD = gnu11;
				GCC_DYNAMIC_NO_PIC = NO;
				GCC_NO_COMMON_BLOCKS = YES;
				GCC_OPTIMIZATION_LEVEL = 0;
				GCC_PREPROCESSOR_DEFINITIONS = (
					"DEBUG=1",
					"$(inherited)",
				);
				GCC_WARN_64_TO_32_BIT_CONVERSION = YES;
				GCC_WARN_ABOUT_RETURN_TYPE = YES_ERROR;
				GCC_WARN_UNDECLARED_SELECTOR = YES;
				GCC_WARN_UNINITIALIZED_AUTOS = YES_AGGRESSIVE;
				GCC_WARN_UNUSED_FUNCTION = YES;
				GCC_WARN_UNUSED_VARIABLE = YES;
				IPHONEOS_DEPLOYMENT_TARGET = 14.4;
				MTL_ENABLE_DEBUG_INFO = INCLUDE_SOURCE;
				MTL_FAST_MATH = YES;
				ONLY_ACTIVE_ARCH = YES;
				SDKROOT = iphoneos;
				SWIFT_ACTIVE_COMPILATION_CONDITIONS = DEBUG;
				SWIFT_OPTIMIZATION_LEVEL = "-Onone";
				VERSIONING_SYSTEM = "apple-generic";
				VERSION_INFO_PREFIX = "";
			};
			name = Debug;
		};
		7A650F9F25F62E5500C37654 /* Release */ = {
			isa = XCBuildConfiguration;
			buildSettings = {
				ALWAYS_SEARCH_USER_PATHS = NO;
				CLANG_ANALYZER_NONNULL = YES;
				CLANG_ANALYZER_NUMBER_OBJECT_CONVERSION = YES_AGGRESSIVE;
				CLANG_CXX_LANGUAGE_STANDARD = "gnu++14";
				CLANG_CXX_LIBRARY = "libc++";
				CLANG_ENABLE_MODULES = YES;
				CLANG_ENABLE_OBJC_ARC = YES;
				CLANG_ENABLE_OBJC_WEAK = YES;
				CLANG_WARN_BLOCK_CAPTURE_AUTORELEASING = YES;
				CLANG_WARN_BOOL_CONVERSION = YES;
				CLANG_WARN_COMMA = YES;
				CLANG_WARN_CONSTANT_CONVERSION = YES;
				CLANG_WARN_DEPRECATED_OBJC_IMPLEMENTATIONS = YES;
				CLANG_WARN_DIRECT_OBJC_ISA_USAGE = YES_ERROR;
				CLANG_WARN_DOCUMENTATION_COMMENTS = YES;
				CLANG_WARN_EMPTY_BODY = YES;
				CLANG_WARN_ENUM_CONVERSION = YES;
				CLANG_WARN_INFINITE_RECURSION = YES;
				CLANG_WARN_INT_CONVERSION = YES;
				CLANG_WARN_NON_LITERAL_NULL_CONVERSION = YES;
				CLANG_WARN_OBJC_IMPLICIT_RETAIN_SELF = YES;
				CLANG_WARN_OBJC_LITERAL_CONVERSION = YES;
				CLANG_WARN_OBJC_ROOT_CLASS = YES_ERROR;
				CLANG_WARN_QUOTED_INCLUDE_IN_FRAMEWORK_HEADER = YES;
				CLANG_WARN_RANGE_LOOP_ANALYSIS = YES;
				CLANG_WARN_STRICT_PROTOTYPES = YES;
				CLANG_WARN_SUSPICIOUS_MOVE = YES;
				CLANG_WARN_UNGUARDED_AVAILABILITY = YES_AGGRESSIVE;
				CLANG_WARN_UNREACHABLE_CODE = YES;
				CLANG_WARN__DUPLICATE_METHOD_MATCH = YES;
				COPY_PHASE_STRIP = NO;
				CURRENT_PROJECT_VERSION = 1;
				DEBUG_INFORMATION_FORMAT = "dwarf-with-dsym";
				ENABLE_NS_ASSERTIONS = NO;
				ENABLE_STRICT_OBJC_MSGSEND = YES;
				GCC_C_LANGUAGE_STANDARD = gnu11;
				GCC_NO_COMMON_BLOCKS = YES;
				GCC_WARN_64_TO_32_BIT_CONVERSION = YES;
				GCC_WARN_ABOUT_RETURN_TYPE = YES_ERROR;
				GCC_WARN_UNDECLARED_SELECTOR = YES;
				GCC_WARN_UNINITIALIZED_AUTOS = YES_AGGRESSIVE;
				GCC_WARN_UNUSED_FUNCTION = YES;
				GCC_WARN_UNUSED_VARIABLE = YES;
				IPHONEOS_DEPLOYMENT_TARGET = 14.4;
				MTL_ENABLE_DEBUG_INFO = NO;
				MTL_FAST_MATH = YES;
				SDKROOT = iphoneos;
				SWIFT_COMPILATION_MODE = wholemodule;
				SWIFT_OPTIMIZATION_LEVEL = "-O";
				VALIDATE_PRODUCT = YES;
				VERSIONING_SYSTEM = "apple-generic";
				VERSION_INFO_PREFIX = "";
			};
			name = Release;
		};
		7A650FA125F62E5500C37654 /* Debug */ = {
			isa = XCBuildConfiguration;
			buildSettings = {
				CLANG_ENABLE_MODULES = YES;
				CODE_SIGN_STYLE = Automatic;
				DEFINES_MODULE = YES;
				DEVELOPMENT_TEAM = 6T6ZD52R57;
				DYLIB_COMPATIBILITY_VERSION = 1;
				DYLIB_CURRENT_VERSION = 1;
				DYLIB_INSTALL_NAME_BASE = "@rpath";
				INFOPLIST_FILE = AppSettings/Info.plist;
				INSTALL_PATH = "$(LOCAL_LIBRARY_DIR)/Frameworks";
				IPHONEOS_DEPLOYMENT_TARGET = 11.0;
				LD_RUNPATH_SEARCH_PATHS = (
					"$(inherited)",
					"@executable_path/Frameworks",
					"@loader_path/Frameworks",
				);
				PRODUCT_BUNDLE_IDENTIFIER = com.fedegasp.AppSettings;
				PRODUCT_NAME = "$(TARGET_NAME:c99extidentifier)";
				SKIP_INSTALL = YES;
				SUPPORTS_MACCATALYST = NO;
				SWIFT_OPTIMIZATION_LEVEL = "-Onone";
				SWIFT_VERSION = 5.0;
				TARGETED_DEVICE_FAMILY = "1,2";
			};
			name = Debug;
		};
		7A650FA225F62E5500C37654 /* Release */ = {
			isa = XCBuildConfiguration;
			buildSettings = {
				BUILD_LIBRARY_FOR_DISTRIBUTION = YES;
				CLANG_ENABLE_MODULES = YES;
				CODE_SIGN_STYLE = Automatic;
				DEFINES_MODULE = YES;
				DEVELOPMENT_TEAM = 6T6ZD52R57;
				DYLIB_COMPATIBILITY_VERSION = 1;
				DYLIB_CURRENT_VERSION = 1;
				DYLIB_INSTALL_NAME_BASE = "@rpath";
				INFOPLIST_FILE = AppSettings/Info.plist;
				INSTALL_PATH = "$(LOCAL_LIBRARY_DIR)/Frameworks";
				IPHONEOS_DEPLOYMENT_TARGET = 11.0;
				LD_RUNPATH_SEARCH_PATHS = (
					"$(inherited)",
					"@executable_path/Frameworks",
					"@loader_path/Frameworks",
				);
				PRODUCT_BUNDLE_IDENTIFIER = com.fedegasp.AppSettings;
				PRODUCT_NAME = "$(TARGET_NAME:c99extidentifier)";
				SKIP_INSTALL = NO;
				SUPPORTS_MACCATALYST = NO;
				SWIFT_VERSION = 5.0;
				TARGETED_DEVICE_FAMILY = "1,2";
			};
			name = Release;
		};
		7A650FC025F62F1C00C37654 /* Debug */ = {
			isa = XCBuildConfiguration;
			buildSettings = {
				ASSETCATALOG_COMPILER_APPICON_NAME = AppIcon;
				ASSETCATALOG_COMPILER_GLOBAL_ACCENT_COLOR_NAME = AccentColor;
				CODE_SIGN_STYLE = Automatic;
				DEVELOPMENT_TEAM = 6T6ZD52R57;
				INFOPLIST_FILE = ClientApp/Info.plist;
				IPHONEOS_DEPLOYMENT_TARGET = 11.0;
				LD_RUNPATH_SEARCH_PATHS = (
					"$(inherited)",
					"@executable_path/Frameworks",
				);
				PRODUCT_BUNDLE_IDENTIFIER = com.fedegasp.ClientApp;
				PRODUCT_NAME = "$(TARGET_NAME)";
				SWIFT_VERSION = 5.0;
				TARGETED_DEVICE_FAMILY = "1,2";
			};
			name = Debug;
		};
		7A650FC125F62F1C00C37654 /* Release */ = {
			isa = XCBuildConfiguration;
			buildSettings = {
				ASSETCATALOG_COMPILER_APPICON_NAME = AppIcon;
				ASSETCATALOG_COMPILER_GLOBAL_ACCENT_COLOR_NAME = AccentColor;
				CODE_SIGN_STYLE = Automatic;
				DEVELOPMENT_TEAM = 6T6ZD52R57;
				INFOPLIST_FILE = ClientApp/Info.plist;
				IPHONEOS_DEPLOYMENT_TARGET = 11.0;
				LD_RUNPATH_SEARCH_PATHS = (
					"$(inherited)",
					"@executable_path/Frameworks",
				);
				PRODUCT_BUNDLE_IDENTIFIER = com.fedegasp.ClientApp;
				PRODUCT_NAME = "$(TARGET_NAME)";
				SWIFT_VERSION = 5.0;
				TARGETED_DEVICE_FAMILY = "1,2";
			};
			name = Release;
		};
/* End XCBuildConfiguration section */

/* Begin XCConfigurationList section */
		7A12B23C2604FDB300DAEEC6 /* Build configuration list for PBXLegacyTarget "XCFramework" */ = {
			isa = XCConfigurationList;
			buildConfigurations = (
				7A12B23D2604FDB300DAEEC6 /* Debug */,
				7A12B23E2604FDB300DAEEC6 /* Release */,
			);
			defaultConfigurationIsVisible = 0;
			defaultConfigurationName = Release;
		};
		7A650F9225F62E5500C37654 /* Build configuration list for PBXProject "AppSettings" */ = {
			isa = XCConfigurationList;
			buildConfigurations = (
				7A650F9E25F62E5500C37654 /* Debug */,
				7A650F9F25F62E5500C37654 /* Release */,
			);
			defaultConfigurationIsVisible = 0;
			defaultConfigurationName = Release;
		};
		7A650FA025F62E5500C37654 /* Build configuration list for PBXNativeTarget "AppSettings" */ = {
			isa = XCConfigurationList;
			buildConfigurations = (
				7A650FA125F62E5500C37654 /* Debug */,
				7A650FA225F62E5500C37654 /* Release */,
			);
			defaultConfigurationIsVisible = 0;
			defaultConfigurationName = Release;
		};
		7A650FBF25F62F1C00C37654 /* Build configuration list for PBXNativeTarget "ClientApp" */ = {
			isa = XCConfigurationList;
			buildConfigurations = (
				7A650FC025F62F1C00C37654 /* Debug */,
				7A650FC125F62F1C00C37654 /* Release */,
			);
			defaultConfigurationIsVisible = 0;
			defaultConfigurationName = Release;
		};
/* End XCConfigurationList section */
	};
	rootObject = 7A650F8F25F62E5500C37654 /* Project object */;
}
